{
    "version": 3,
    "terraform_version": "0.11.3",
    "serial": 6,
    "lineage": "20326487-39e8-4b3c-a7f2-c6c8408a6ffd",
    "modules": [
        {
            "path": [
                "root"
            ],
            "outputs": {},
            "resources": {
                "digitalocean_droplet.platzi-devops-05.0": {
                    "type": "digitalocean_droplet",
                    "depends_on": [
                        "digitalocean_tag.platzi-devops-05"
                    ],
                    "primary": {
                        "id": "82104918",
                        "attributes": {
                            "disk": "25",
                            "id": "82104918",
                            "image": "31640252",
                            "ipv4_address": "138.197.220.69",
                            "locked": "false",
                            "name": "platzi-devops-05",
                            "price_hourly": "0.00744",
                            "price_monthly": "5",
                            "region": "sfo2",
                            "resize_disk": "true",
                            "size": "s-1vcpu-1gb",
                            "ssh_keys.#": "1",
                            "ssh_keys.0": "18198313",
                            "status": "active",
                            "tags.#": "1",
                            "tags.0": "platzi-devops",
                            "user_data": "#cloud-config\ncoreos:\n  units:\n    - name: \"docker-nodeapp.service\"\n      command: \"start\"\n      content: |\n        [Unit]\n        Description=platzi docker container\n        After=docker.service\n\n        [Service]\n        ExecStart=/usr/bin/docker run -d -p 3000:3000 nodeapp \n",
                            "vcpus": "1"
                        },
                        "meta": {},
                        "tainted": false
                    },
                    "deposed": [],
                    "provider": "provider.digitalocean"
                },
                "digitalocean_droplet.platzi-devops-05.1": {
                    "type": "digitalocean_droplet",
                    "depends_on": [
                        "digitalocean_tag.platzi-devops-05"
                    ],
                    "primary": {
                        "id": "82105447",
                        "attributes": {
                            "disk": "25",
                            "id": "82105447",
                            "image": "31640252",
                            "ipv4_address": "159.65.68.41",
                            "locked": "false",
                            "name": "platzi-devops-05",
                            "price_hourly": "0.00744",
                            "price_monthly": "5",
                            "region": "sfo2",
                            "resize_disk": "true",
                            "size": "s-1vcpu-1gb",
                            "ssh_keys.#": "1",
                            "ssh_keys.0": "18198313",
                            "status": "active",
                            "tags.#": "1",
                            "tags.0": "platzi-devops",
                            "user_data": "#cloud-config\ncoreos:\n  units:\n    - name: \"docker-nodeapp.service\"\n      command: \"start\"\n      content: |\n        [Unit]\n        Description=platzi docker container\n        After=docker.service\n\n        [Service]\n        ExecStart=/usr/bin/docker run -d -p 3000:3000 nodeapp \n",
                            "vcpus": "1"
                        },
                        "meta": {},
                        "tainted": false
                    },
                    "deposed": [],
                    "provider": "provider.digitalocean"
                },
                "digitalocean_tag.platzi-devops-05": {
                    "type": "digitalocean_tag",
                    "depends_on": [],
                    "primary": {
                        "id": "platzi-devops",
                        "attributes": {
                            "id": "platzi-devops",
                            "name": "platzi-devops"
                        },
                        "meta": {},
                        "tainted": false
                    },
                    "deposed": [],
                    "provider": "provider.digitalocean"
                }
            },
            "depends_on": []
        }
    ]
}
